
Microsoft Visual Studio Solution File, Format Version 12.00
# Visual Studio Version 17
VisualStudioVersion = 17.0.31903.59
MinimumVisualStudioVersion = 10.0.40219.1
Project("{FAE04EC0-301F-11D3-BF4B-00C04F79EFBC}") = "AgentSupport.Domain", "AgentSupport.Domain\AgentSupport.Domain.csproj", "{1EA3E169-FD1A-4022-A046-84E59CD8F069}"
EndProject
Project("{FAE04EC0-301F-11D3-BF4B-00C04F79EFBC}") = "AgentSupport.Application", "AgentSupport.Application\AgentSupport.Application.csproj", "{7239CF30-D5AF-42F8-9C78-A761F9B8F51C}"
EndProject
Project("{FAE04EC0-301F-11D3-BF4B-00C04F79EFBC}") = "AgentSupport.Infrastructure", "AgentSupport.Infrastructure\AgentSupport.Infrastructure.csproj", "{92B40F8B-0DAB-4B94-89BA-8119E61121C8}"
EndProject
Project("{FAE04EC0-301F-11D3-BF4B-00C04F79EFBC}") = "AgentSupport.Api", "AgentSupport.Api\AgentSupport.Api.csproj", "{8B015913-4EA9-4323-BD0F-C2F42BFAFDC2}"
EndProject
Project("{2150E333-8FDC-42A3-9474-1A3956D46DE8}") = "Libs", "Libs", "{B503464C-FB21-4093-8CD1-DD0AEE154640}"
EndProject
Project("{FAE04EC0-301F-11D3-BF4B-00C04F79EFBC}") = "Infrastructure.Hosting", "..\..\Libs\Infrastructure\Infrastructure.Hosting\Infrastructure.Hosting.csproj", "{D0C25D18-C4D2-4DA1-8244-8BE5027B9C6C}"
EndProject
Project("{FAE04EC0-301F-11D3-BF4B-00C04F79EFBC}") = "Infrastructure.Logging", "..\..\Libs\Infrastructure\Infrastructure.Logging\Infrastructure.Logging.csproj", "{7F11008E-9E35-4336-862B-E94E8418B090}"
EndProject
Project("{FAE04EC0-301F-11D3-BF4B-00C04F79EFBC}") = "Infrastructure.Options", "..\..\Libs\Infrastructure\Infrastructure.Options\Infrastructure.Options.csproj", "{7D4E8672-592C-4D64-8030-6512133C96C0}"
EndProject
Project("{FAE04EC0-301F-11D3-BF4B-00C04F79EFBC}") = "Infrastructure.Database", "..\..\Libs\Infrastructure\Infrastructure.Database\Infrastructure.Database.csproj", "{EAE1640C-9508-49CD-99F6-BE5EEA843FE5}"
EndProject
Project("{FAE04EC0-301F-11D3-BF4B-00C04F79EFBC}") = "Infrastructure.Swagger", "..\..\Libs\Infrastructure\Infrastructure.Swagger\Infrastructure.Swagger.csproj", "{8E9CABCF-1639-4818-9456-430E1EAD6D04}"
EndProject
Project("{FAE04EC0-301F-11D3-BF4B-00C04F79EFBC}") = "Infrastructure.Mapper", "..\..\Libs\Infrastructure\Infrastructure.Mapper\Infrastructure.Mapper.csproj", "{112AE276-175D-4286-BB2E-87999B2D1F9F}"
EndProject
Project("{FAE04EC0-301F-11D3-BF4B-00C04F79EFBC}") = "Infrastructure.MinIO", "..\..\Libs\Infrastructure\Infrastructure.MinIO\Infrastructure.MinIO.csproj", "{8CA39AE9-EAD8-48AB-90E3-626804C258C8}"
EndProject
Project("{FAE04EC0-301F-11D3-BF4B-00C04F79EFBC}") = "Infrastructure.Broker", "..\..\Libs\Infrastructure\Infrastructure.Broker\Infrastructure.Broker.csproj", "{2292E2A5-A2B0-4473-B21F-78D0BD8E0060}"
EndProject
Global
	GlobalSection(SolutionConfigurationPlatforms) = preSolution
		Debug|Any CPU = Debug|Any CPU
		Debug|x64 = Debug|x64
		Debug|x86 = Debug|x86
		Release|Any CPU = Release|Any CPU
		Release|x64 = Release|x64
		Release|x86 = Release|x86
	EndGlobalSection
	GlobalSection(ProjectConfigurationPlatforms) = postSolution
		{1EA3E169-FD1A-4022-A046-84E59CD8F069}.Debug|Any CPU.ActiveCfg = Debug|Any CPU
		{1EA3E169-FD1A-4022-A046-84E59CD8F069}.Debug|Any CPU.Build.0 = Debug|Any CPU
		{1EA3E169-FD1A-4022-A046-84E59CD8F069}.Debug|x64.ActiveCfg = Debug|Any CPU
		{1EA3E169-FD1A-4022-A046-84E59CD8F069}.Debug|x64.Build.0 = Debug|Any CPU
		{1EA3E169-FD1A-4022-A046-84E59CD8F069}.Debug|x86.ActiveCfg = Debug|Any CPU
		{1EA3E169-FD1A-4022-A046-84E59CD8F069}.Debug|x86.Build.0 = Debug|Any CPU
		{1EA3E169-FD1A-4022-A046-84E59CD8F069}.Release|Any CPU.ActiveCfg = Release|Any CPU
		{1EA3E169-FD1A-4022-A046-84E59CD8F069}.Release|Any CPU.Build.0 = Release|Any CPU
		{1EA3E169-FD1A-4022-A046-84E59CD8F069}.Release|x64.ActiveCfg = Release|Any CPU
		{1EA3E169-FD1A-4022-A046-84E59CD8F069}.Release|x64.Build.0 = Release|Any CPU
		{1EA3E169-FD1A-4022-A046-84E59CD8F069}.Release|x86.ActiveCfg = Release|Any CPU
		{1EA3E169-FD1A-4022-A046-84E59CD8F069}.Release|x86.Build.0 = Release|Any CPU
		{7239CF30-D5AF-42F8-9C78-A761F9B8F51C}.Debug|Any CPU.ActiveCfg = Debug|Any CPU
		{7239CF30-D5AF-42F8-9C78-A761F9B8F51C}.Debug|Any CPU.Build.0 = Debug|Any CPU
		{7239CF30-D5AF-42F8-9C78-A761F9B8F51C}.Debug|x64.ActiveCfg = Debug|Any CPU
		{7239CF30-D5AF-42F8-9C78-A761F9B8F51C}.Debug|x64.Build.0 = Debug|Any CPU
		{7239CF30-D5AF-42F8-9C78-A761F9B8F51C}.Debug|x86.ActiveCfg = Debug|Any CPU
		{7239CF30-D5AF-42F8-9C78-A761F9B8F51C}.Debug|x86.Build.0 = Debug|Any CPU
		{7239CF30-D5AF-42F8-9C78-A761F9B8F51C}.Release|Any CPU.ActiveCfg = Release|Any CPU
		{7239CF30-D5AF-42F8-9C78-A761F9B8F51C}.Release|Any CPU.Build.0 = Release|Any CPU
		{7239CF30-D5AF-42F8-9C78-A761F9B8F51C}.Release|x64.ActiveCfg = Release|Any CPU
		{7239CF30-D5AF-42F8-9C78-A761F9B8F51C}.Release|x64.Build.0 = Release|Any CPU
		{7239CF30-D5AF-42F8-9C78-A761F9B8F51C}.Release|x86.ActiveCfg = Release|Any CPU
		{7239CF30-D5AF-42F8-9C78-A761F9B8F51C}.Release|x86.Build.0 = Release|Any CPU
		{92B40F8B-0DAB-4B94-89BA-8119E61121C8}.Debug|Any CPU.ActiveCfg = Debug|Any CPU
		{92B40F8B-0DAB-4B94-89BA-8119E61121C8}.Debug|Any CPU.Build.0 = Debug|Any CPU
		{92B40F8B-0DAB-4B94-89BA-8119E61121C8}.Debug|x64.ActiveCfg = Debug|Any CPU
		{92B40F8B-0DAB-4B94-89BA-8119E61121C8}.Debug|x64.Build.0 = Debug|Any CPU
		{92B40F8B-0DAB-4B94-89BA-8119E61121C8}.Debug|x86.ActiveCfg = Debug|Any CPU
		{92B40F8B-0DAB-4B94-89BA-8119E61121C8}.Debug|x86.Build.0 = Debug|Any CPU
		{92B40F8B-0DAB-4B94-89BA-8119E61121C8}.Release|Any CPU.ActiveCfg = Release|Any CPU
		{92B40F8B-0DAB-4B94-89BA-8119E61121C8}.Release|Any CPU.Build.0 = Release|Any CPU
		{92B40F8B-0DAB-4B94-89BA-8119E61121C8}.Release|x64.ActiveCfg = Release|Any CPU
		{92B40F8B-0DAB-4B94-89BA-8119E61121C8}.Release|x64.Build.0 = Release|Any CPU
		{92B40F8B-0DAB-4B94-89BA-8119E61121C8}.Release|x86.ActiveCfg = Release|Any CPU
		{92B40F8B-0DAB-4B94-89BA-8119E61121C8}.Release|x86.Build.0 = Release|Any CPU
		{8B015913-4EA9-4323-BD0F-C2F42BFAFDC2}.Debug|Any CPU.ActiveCfg = Debug|Any CPU
		{8B015913-4EA9-4323-BD0F-C2F42BFAFDC2}.Debug|Any CPU.Build.0 = Debug|Any CPU
		{8B015913-4EA9-4323-BD0F-C2F42BFAFDC2}.Debug|x64.ActiveCfg = Debug|Any CPU
		{8B015913-4EA9-4323-BD0F-C2F42BFAFDC2}.Debug|x64.Build.0 = Debug|Any CPU
		{8B015913-4EA9-4323-BD0F-C2F42BFAFDC2}.Debug|x86.ActiveCfg = Debug|Any CPU
		{8B015913-4EA9-4323-BD0F-C2F42BFAFDC2}.Debug|x86.Build.0 = Debug|Any CPU
		{8B015913-4EA9-4323-BD0F-C2F42BFAFDC2}.Release|Any CPU.ActiveCfg = Release|Any CPU
		{8B015913-4EA9-4323-BD0F-C2F42BFAFDC2}.Release|Any CPU.Build.0 = Release|Any CPU
		{8B015913-4EA9-4323-BD0F-C2F42BFAFDC2}.Release|x64.ActiveCfg = Release|Any CPU
		{8B015913-4EA9-4323-BD0F-C2F42BFAFDC2}.Release|x64.Build.0 = Release|Any CPU
		{8B015913-4EA9-4323-BD0F-C2F42BFAFDC2}.Release|x86.ActiveCfg = Release|Any CPU
		{8B015913-4EA9-4323-BD0F-C2F42BFAFDC2}.Release|x86.Build.0 = Release|Any CPU
		{D0C25D18-C4D2-4DA1-8244-8BE5027B9C6C}.Debug|Any CPU.ActiveCfg = Debug|Any CPU
		{D0C25D18-C4D2-4DA1-8244-8BE5027B9C6C}.Debug|Any CPU.Build.0 = Debug|Any CPU
		{D0C25D18-C4D2-4DA1-8244-8BE5027B9C6C}.Debug|x64.ActiveCfg = Debug|Any CPU
		{D0C25D18-C4D2-4DA1-8244-8BE5027B9C6C}.Debug|x64.Build.0 = Debug|Any CPU
		{D0C25D18-C4D2-4DA1-8244-8BE5027B9C6C}.Debug|x86.ActiveCfg = Debug|Any CPU
		{D0C25D18-C4D2-4DA1-8244-8BE5027B9C6C}.Debug|x86.Build.0 = Debug|Any CPU
		{D0C25D18-C4D2-4DA1-8244-8BE5027B9C6C}.Release|Any CPU.ActiveCfg = Release|Any CPU
		{D0C25D18-C4D2-4DA1-8244-8BE5027B9C6C}.Release|Any CPU.Build.0 = Release|Any CPU
		{D0C25D18-C4D2-4DA1-8244-8BE5027B9C6C}.Release|x64.ActiveCfg = Release|Any CPU
		{D0C25D18-C4D2-4DA1-8244-8BE5027B9C6C}.Release|x64.Build.0 = Release|Any CPU
		{D0C25D18-C4D2-4DA1-8244-8BE5027B9C6C}.Release|x86.ActiveCfg = Release|Any CPU
		{D0C25D18-C4D2-4DA1-8244-8BE5027B9C6C}.Release|x86.Build.0 = Release|Any CPU
		{7F11008E-9E35-4336-862B-E94E8418B090}.Debug|Any CPU.ActiveCfg = Debug|Any CPU
		{7F11008E-9E35-4336-862B-E94E8418B090}.Debug|Any CPU.Build.0 = Debug|Any CPU
		{7F11008E-9E35-4336-862B-E94E8418B090}.Debug|x64.ActiveCfg = Debug|Any CPU
		{7F11008E-9E35-4336-862B-E94E8418B090}.Debug|x64.Build.0 = Debug|Any CPU
		{7F11008E-9E35-4336-862B-E94E8418B090}.Debug|x86.ActiveCfg = Debug|Any CPU
		{7F11008E-9E35-4336-862B-E94E8418B090}.Debug|x86.Build.0 = Debug|Any CPU
		{7F11008E-9E35-4336-862B-E94E8418B090}.Release|Any CPU.ActiveCfg = Release|Any CPU
		{7F11008E-9E35-4336-862B-E94E8418B090}.Release|Any CPU.Build.0 = Release|Any CPU
		{7F11008E-9E35-4336-862B-E94E8418B090}.Release|x64.ActiveCfg = Release|Any CPU
		{7F11008E-9E35-4336-862B-E94E8418B090}.Release|x64.Build.0 = Release|Any CPU
		{7F11008E-9E35-4336-862B-E94E8418B090}.Release|x86.ActiveCfg = Release|Any CPU
		{7F11008E-9E35-4336-862B-E94E8418B090}.Release|x86.Build.0 = Release|Any CPU
		{7D4E8672-592C-4D64-8030-6512133C96C0}.Debug|Any CPU.ActiveCfg = Debug|Any CPU
		{7D4E8672-592C-4D64-8030-6512133C96C0}.Debug|Any CPU.Build.0 = Debug|Any CPU
		{7D4E8672-592C-4D64-8030-6512133C96C0}.Debug|x64.ActiveCfg = Debug|Any CPU
		{7D4E8672-592C-4D64-8030-6512133C96C0}.Debug|x64.Build.0 = Debug|Any CPU
		{7D4E8672-592C-4D64-8030-6512133C96C0}.Debug|x86.ActiveCfg = Debug|Any CPU
		{7D4E8672-592C-4D64-8030-6512133C96C0}.Debug|x86.Build.0 = Debug|Any CPU
		{7D4E8672-592C-4D64-8030-6512133C96C0}.Release|Any CPU.ActiveCfg = Release|Any CPU
		{7D4E8672-592C-4D64-8030-6512133C96C0}.Release|Any CPU.Build.0 = Release|Any CPU
		{7D4E8672-592C-4D64-8030-6512133C96C0}.Release|x64.ActiveCfg = Release|Any CPU
		{7D4E8672-592C-4D64-8030-6512133C96C0}.Release|x64.Build.0 = Release|Any CPU
		{7D4E8672-592C-4D64-8030-6512133C96C0}.Release|x86.ActiveCfg = Release|Any CPU
		{7D4E8672-592C-4D64-8030-6512133C96C0}.Release|x86.Build.0 = Release|Any CPU
		{EAE1640C-9508-49CD-99F6-BE5EEA843FE5}.Debug|Any CPU.ActiveCfg = Debug|Any CPU
		{EAE1640C-9508-49CD-99F6-BE5EEA843FE5}.Debug|Any CPU.Build.0 = Debug|Any CPU
		{EAE1640C-9508-49CD-99F6-BE5EEA843FE5}.Debug|x64.ActiveCfg = Debug|Any CPU
		{EAE1640C-9508-49CD-99F6-BE5EEA843FE5}.Debug|x64.Build.0 = Debug|Any CPU
		{EAE1640C-9508-49CD-99F6-BE5EEA843FE5}.Debug|x86.ActiveCfg = Debug|Any CPU
		{EAE1640C-9508-49CD-99F6-BE5EEA843FE5}.Debug|x86.Build.0 = Debug|Any CPU
		{EAE1640C-9508-49CD-99F6-BE5EEA843FE5}.Release|Any CPU.ActiveCfg = Release|Any CPU
		{EAE1640C-9508-49CD-99F6-BE5EEA843FE5}.Release|Any CPU.Build.0 = Release|Any CPU
		{EAE1640C-9508-49CD-99F6-BE5EEA843FE5}.Release|x64.ActiveCfg = Release|Any CPU
		{EAE1640C-9508-49CD-99F6-BE5EEA843FE5}.Release|x64.Build.0 = Release|Any CPU
		{EAE1640C-9508-49CD-99F6-BE5EEA843FE5}.Release|x86.ActiveCfg = Release|Any CPU
		{EAE1640C-9508-49CD-99F6-BE5EEA843FE5}.Release|x86.Build.0 = Release|Any CPU
		{8E9CABCF-1639-4818-9456-430E1EAD6D04}.Debug|Any CPU.ActiveCfg = Debug|Any CPU
		{8E9CABCF-1639-4818-9456-430E1EAD6D04}.Debug|Any CPU.Build.0 = Debug|Any CPU
		{8E9CABCF-1639-4818-9456-430E1EAD6D04}.Debug|x64.ActiveCfg = Debug|Any CPU
		{8E9CABCF-1639-4818-9456-430E1EAD6D04}.Debug|x64.Build.0 = Debug|Any CPU
		{8E9CABCF-1639-4818-9456-430E1EAD6D04}.Debug|x86.ActiveCfg = Debug|Any CPU
		{8E9CABCF-1639-4818-9456-430E1EAD6D04}.Debug|x86.Build.0 = Debug|Any CPU
		{8E9CABCF-1639-4818-9456-430E1EAD6D04}.Release|Any CPU.ActiveCfg = Release|Any CPU
		{8E9CABCF-1639-4818-9456-430E1EAD6D04}.Release|Any CPU.Build.0 = Release|Any CPU
		{8E9CABCF-1639-4818-9456-430E1EAD6D04}.Release|x64.ActiveCfg = Release|Any CPU
		{8E9CABCF-1639-4818-9456-430E1EAD6D04}.Release|x64.Build.0 = Release|Any CPU
		{8E9CABCF-1639-4818-9456-430E1EAD6D04}.Release|x86.ActiveCfg = Release|Any CPU
		{8E9CABCF-1639-4818-9456-430E1EAD6D04}.Release|x86.Build.0 = Release|Any CPU
		{112AE276-175D-4286-BB2E-87999B2D1F9F}.Debug|Any CPU.ActiveCfg = Debug|Any CPU
		{112AE276-175D-4286-BB2E-87999B2D1F9F}.Debug|Any CPU.Build.0 = Debug|Any CPU
		{112AE276-175D-4286-BB2E-87999B2D1F9F}.Debug|x64.ActiveCfg = Debug|Any CPU
		{112AE276-175D-4286-BB2E-87999B2D1F9F}.Debug|x64.Build.0 = Debug|Any CPU
		{112AE276-175D-4286-BB2E-87999B2D1F9F}.Debug|x86.ActiveCfg = Debug|Any CPU
		{112AE276-175D-4286-BB2E-87999B2D1F9F}.Debug|x86.Build.0 = Debug|Any CPU
		{112AE276-175D-4286-BB2E-87999B2D1F9F}.Release|Any CPU.ActiveCfg = Release|Any CPU
		{112AE276-175D-4286-BB2E-87999B2D1F9F}.Release|Any CPU.Build.0 = Release|Any CPU
		{112AE276-175D-4286-BB2E-87999B2D1F9F}.Release|x64.ActiveCfg = Release|Any CPU
		{112AE276-175D-4286-BB2E-87999B2D1F9F}.Release|x64.Build.0 = Release|Any CPU
		{112AE276-175D-4286-BB2E-87999B2D1F9F}.Release|x86.ActiveCfg = Release|Any CPU
		{112AE276-175D-4286-BB2E-87999B2D1F9F}.Release|x86.Build.0 = Release|Any CPU
		{8CA39AE9-EAD8-48AB-90E3-626804C258C8}.Debug|Any CPU.ActiveCfg = Debug|Any CPU
		{8CA39AE9-EAD8-48AB-90E3-626804C258C8}.Debug|Any CPU.Build.0 = Debug|Any CPU
		{8CA39AE9-EAD8-48AB-90E3-626804C258C8}.Debug|x64.ActiveCfg = Debug|Any CPU
		{8CA39AE9-EAD8-48AB-90E3-626804C258C8}.Debug|x64.Build.0 = Debug|Any CPU
		{8CA39AE9-EAD8-48AB-90E3-626804C258C8}.Debug|x86.ActiveCfg = Debug|Any CPU
		{8CA39AE9-EAD8-48AB-90E3-626804C258C8}.Debug|x86.Build.0 = Debug|Any CPU
		{8CA39AE9-EAD8-48AB-90E3-626804C258C8}.Release|Any CPU.ActiveCfg = Release|Any CPU
		{8CA39AE9-EAD8-48AB-90E3-626804C258C8}.Release|Any CPU.Build.0 = Release|Any CPU
		{8CA39AE9-EAD8-48AB-90E3-626804C258C8}.Release|x64.ActiveCfg = Release|Any CPU
		{8CA39AE9-EAD8-48AB-90E3-626804C258C8}.Release|x64.Build.0 = Release|Any CPU
		{8CA39AE9-EAD8-48AB-90E3-626804C258C8}.Release|x86.ActiveCfg = Release|Any CPU
		{8CA39AE9-EAD8-48AB-90E3-626804C258C8}.Release|x86.Build.0 = Release|Any CPU
		{2292E2A5-A2B0-4473-B21F-78D0BD8E0060}.Debug|Any CPU.ActiveCfg = Debug|Any CPU
		{2292E2A5-A2B0-4473-B21F-78D0BD8E0060}.Debug|Any CPU.Build.0 = Debug|Any CPU
		{2292E2A5-A2B0-4473-B21F-78D0BD8E0060}.Debug|x64.ActiveCfg = Debug|Any CPU
		{2292E2A5-A2B0-4473-B21F-78D0BD8E0060}.Debug|x64.Build.0 = Debug|Any CPU
		{2292E2A5-A2B0-4473-B21F-78D0BD8E0060}.Debug|x86.ActiveCfg = Debug|Any CPU
		{2292E2A5-A2B0-4473-B21F-78D0BD8E0060}.Debug|x86.Build.0 = Debug|Any CPU
		{2292E2A5-A2B0-4473-B21F-78D0BD8E0060}.Release|Any CPU.ActiveCfg = Release|Any CPU
		{2292E2A5-A2B0-4473-B21F-78D0BD8E0060}.Release|Any CPU.Build.0 = Release|Any CPU
		{2292E2A5-A2B0-4473-B21F-78D0BD8E0060}.Release|x64.ActiveCfg = Release|Any CPU
		{2292E2A5-A2B0-4473-B21F-78D0BD8E0060}.Release|x64.Build.0 = Release|Any CPU
		{2292E2A5-A2B0-4473-B21F-78D0BD8E0060}.Release|x86.ActiveCfg = Release|Any CPU
		{2292E2A5-A2B0-4473-B21F-78D0BD8E0060}.Release|x86.Build.0 = Release|Any CPU
	EndGlobalSection
	GlobalSection(SolutionProperties) = preSolution
		HideSolutionNode = FALSE
	EndGlobalSection
	GlobalSection(NestedProjects) = preSolution
		{D0C25D18-C4D2-4DA1-8244-8BE5027B9C6C} = {B503464C-FB21-4093-8CD1-DD0AEE154640}
		{7F11008E-9E35-4336-862B-E94E8418B090} = {B503464C-FB21-4093-8CD1-DD0AEE154640}
		{7D4E8672-592C-4D64-8030-6512133C96C0} = {B503464C-FB21-4093-8CD1-DD0AEE154640}
		{EAE1640C-9508-49CD-99F6-BE5EEA843FE5} = {B503464C-FB21-4093-8CD1-DD0AEE154640}
		{8E9CABCF-1639-4818-9456-430E1EAD6D04} = {B503464C-FB21-4093-8CD1-DD0AEE154640}
		{112AE276-175D-4286-BB2E-87999B2D1F9F} = {B503464C-FB21-4093-8CD1-DD0AEE154640}
		{8CA39AE9-EAD8-48AB-90E3-626804C258C8} = {B503464C-FB21-4093-8CD1-DD0AEE154640}
		{2292E2A5-A2B0-4473-B21F-78D0BD8E0060} = {B503464C-FB21-4093-8CD1-DD0AEE154640}
	EndGlobalSection
EndGlobal
